
Microsoft Visual Studio Solution File, Format Version 12.00
# Visual Studio Version 17
VisualStudioVersion = 17.8.34511.84
MinimumVisualStudioVersion = 10.0.40219.1
Project("{FAE04EC0-301F-11D3-BF4B-00C04F79EFBC}") = "RecipeAppWpf", "RecipeAppWpf.csproj", "{75293E03-9802-4076-BFA3-397928DB980F}"
EndProject
Global
	GlobalSection(SolutionConfigurationPlatforms) = preSolution
		Debug|Any CPU = Debug|Any CPU
		Release|Any CPU = Release|Any CPU
	EndGlobalSection
	GlobalSection(ProjectConfigurationPlatforms) = postSolution
		{75293E03-9802-4076-BFA3-397928DB980F}.Debug|Any CPU.ActiveCfg = Debug|Any CPU
		{75293E03-9802-4076-BFA3-397928DB980F}.Debug|Any CPU.Build.0 = Debug|Any CPU
		{75293E03-9802-4076-BFA3-397928DB980F}.Release|Any CPU.ActiveCfg = Release|Any CPU
		{75293E03-9802-4076-BFA3-397928DB980F}.Release|Any CPU.Build.0 = Release|Any CPU
	EndGlobalSection
	GlobalSection(SolutionProperties) = preSolution
		HideSolutionNode = FALSE
	EndGlobalSection
	GlobalSection(ExtensibilityGlobals) = postSolution
		SolutionGuid = {A83CA23B-9B00-4DFB-A5B9-A9B1C6400130}
	EndGlobalSection
EndGlobal
